{
  "name": "react-native-contact-multi-select",
  "version": "1.0.0",
  "lockfileVersion": 1,
  "requires": true,
  "dependencies": {
    "react-native-contacts": {
      "version": "4.0.0",
      "resolved": "https://registry.npmjs.org/react-native-contacts/-/react-native-contacts-4.0.0.tgz",
      "integrity": "sha512-SkO4AiuiDkVKmL9+VotwLbiesp0EzcWstVWTM4K+eU7Bh+y/aAWkqCB0FyCm5kSNi6xHcZJr62ATh9S7blaZQg=="
    }
  }
}
